
Microsoft Visual Studio Solution File, Format Version 12.00
# Visual Studio 15
VisualStudioVersion = 15.0.28307.168
MinimumVisualStudioVersion = 10.0.40219.1
Project("{9A19103F-16F7-4668-BE54-9A1E7A4F7556}") = "DisruptionWorks.AssistantRelay", "AssistantRelay\DisruptionWorks.AssistantRelay.csproj", "{6850854C-3214-4749-B56E-8A623F9A07F2}"
EndProject
Project("{9A19103F-16F7-4668-BE54-9A1E7A4F7556}") = "DisruptionWorks.Email.Service", "SmtpClient\DisruptionWorks.Email.Service.csproj", "{60BE26AA-7EA6-47F5-BAC7-95F252F2B630}"
EndProject
Project("{9A19103F-16F7-4668-BE54-9A1E7A4F7556}") = "DisruptionWorks.Model", "Model\DisruptionWorks.Model.csproj", "{7F68292B-E9C5-4758-8272-DCCCBEFFE017}"
EndProject
Global
	GlobalSection(SolutionConfigurationPlatforms) = preSolution
		Debug|Any CPU = Debug|Any CPU
		Release|Any CPU = Release|Any CPU
	EndGlobalSection
	GlobalSection(ProjectConfigurationPlatforms) = postSolution
		{6850854C-3214-4749-B56E-8A623F9A07F2}.Debug|Any CPU.ActiveCfg = Debug|Any CPU
		{6850854C-3214-4749-B56E-8A623F9A07F2}.Debug|Any CPU.Build.0 = Debug|Any CPU
		{6850854C-3214-4749-B56E-8A623F9A07F2}.Release|Any CPU.ActiveCfg = Release|Any CPU
		{6850854C-3214-4749-B56E-8A623F9A07F2}.Release|Any CPU.Build.0 = Release|Any CPU
		{60BE26AA-7EA6-47F5-BAC7-95F252F2B630}.Debug|Any CPU.ActiveCfg = Debug|Any CPU
		{60BE26AA-7EA6-47F5-BAC7-95F252F2B630}.Debug|Any CPU.Build.0 = Debug|Any CPU
		{60BE26AA-7EA6-47F5-BAC7-95F252F2B630}.Release|Any CPU.ActiveCfg = Release|Any CPU
		{60BE26AA-7EA6-47F5-BAC7-95F252F2B630}.Release|Any CPU.Build.0 = Release|Any CPU
		{7F68292B-E9C5-4758-8272-DCCCBEFFE017}.Debug|Any CPU.ActiveCfg = Debug|Any CPU
		{7F68292B-E9C5-4758-8272-DCCCBEFFE017}.Debug|Any CPU.Build.0 = Debug|Any CPU
		{7F68292B-E9C5-4758-8272-DCCCBEFFE017}.Release|Any CPU.ActiveCfg = Release|Any CPU
		{7F68292B-E9C5-4758-8272-DCCCBEFFE017}.Release|Any CPU.Build.0 = Release|Any CPU
	EndGlobalSection
	GlobalSection(SolutionProperties) = preSolution
		HideSolutionNode = FALSE
	EndGlobalSection
	GlobalSection(ExtensibilityGlobals) = postSolution
		SolutionGuid = {787B1915-369C-4947-B832-7F1F2AC521B2}
	EndGlobalSection
EndGlobal
